// !$*UTF8*$!
{
	archiveVersion = 1;
	classes = {
	};
	objectVersion = 55;
	objects = {

/* Begin PBXBuildFile section */
		28B1A64890A4FCC789B9DAC2 /* Pods_unsplash_beta.framework in Frameworks */ = {isa = PBXBuildFile; fileRef = A4B75B60FAAB859C20A9D78D /* Pods_unsplash_beta.framework */; };
		84A05AD328E5B4A70015BC2F /* AppDelegate.swift in Sources */ = {isa = PBXBuildFile; fileRef = 84A05AD228E5B4A70015BC2F /* AppDelegate.swift */; };
		84A05ADC28E5B4A80015BC2F /* Assets.xcassets in Resources */ = {isa = PBXBuildFile; fileRef = 84A05ADB28E5B4A80015BC2F /* Assets.xcassets */; };
		84A05ADF28E5B4A80015BC2F /* LaunchScreen.storyboard in Resources */ = {isa = PBXBuildFile; fileRef = 84A05ADD28E5B4A80015BC2F /* LaunchScreen.storyboard */; };
		84A05AED28E5C2110015BC2F /* NetworkService.swift in Sources */ = {isa = PBXBuildFile; fileRef = 84A05AEC28E5C2110015BC2F /* NetworkService.swift */; };
		84A05AF228E5CE1F0015BC2F /* SearchRequest.swift in Sources */ = {isa = PBXBuildFile; fileRef = 84A05AF128E5CE1F0015BC2F /* SearchRequest.swift */; };
		84A05AF528E5CE400015BC2F /* Movie.swift in Sources */ = {isa = PBXBuildFile; fileRef = 84A05AF428E5CE400015BC2F /* Movie.swift */; };
		84A05AF728E5CF590015BC2F /* Configuration.swift in Sources */ = {isa = PBXBuildFile; fileRef = 84A05AF628E5CF590015BC2F /* Configuration.swift */; };
		B7A8ABE028ED73CE00A664B7 /* SearchScreen.storyboard in Resources */ = {isa = PBXBuildFile; fileRef = B7A8ABDF28ED73CE00A664B7 /* SearchScreen.storyboard */; };
		B7A8ABE428ED742B00A664B7 /* SearchViewController.swift in Sources */ = {isa = PBXBuildFile; fileRef = B7A8ABE328ED742B00A664B7 /* SearchViewController.swift */; };
		B7A8ABEC28ED931200A664B7 /* SearchViewModel.swift in Sources */ = {isa = PBXBuildFile; fileRef = B7A8ABEB28ED931200A664B7 /* SearchViewModel.swift */; };
		B7A8ABF328ED9CD000A664B7 /* ListItem.swift in Sources */ = {isa = PBXBuildFile; fileRef = B7A8ABF128ED9CD000A664B7 /* ListItem.swift */; };
		B7A8ABF428ED9CD000A664B7 /* ListItem.xib in Resources */ = {isa = PBXBuildFile; fileRef = B7A8ABF228ED9CD000A664B7 /* ListItem.xib */; };
		B7A8ABF828EDBAA600A664B7 /* DetailScreen.storyboard in Resources */ = {isa = PBXBuildFile; fileRef = B7A8ABF728EDBAA600A664B7 /* DetailScreen.storyboard */; };
		B7A8ABFA28EDBABB00A664B7 /* DetailViewController.swift in Sources */ = {isa = PBXBuildFile; fileRef = B7A8ABF928EDBABB00A664B7 /* DetailViewController.swift */; };
		B7A8ABFE28EDC23400A664B7 /* DetailViewModel.swift in Sources */ = {isa = PBXBuildFile; fileRef = B7A8ABFD28EDC23400A664B7 /* DetailViewModel.swift */; };
		B7A8AC0228EDC6CF00A664B7 /* screens.swift in Sources */ = {isa = PBXBuildFile; fileRef = B7A8AC0128EDC6CF00A664B7 /* screens.swift */; };
/* End PBXBuildFile section */

/* Begin PBXFileReference section */
		2B39EBAFBF431F9DF0D5D283 /* Pods-unsplash_beta.release.xcconfig */ = {isa = PBXFileReference; includeInIndex = 1; lastKnownFileType = text.xcconfig; name = "Pods-unsplash_beta.release.xcconfig"; path = "Target Support Files/Pods-unsplash_beta/Pods-unsplash_beta.release.xcconfig"; sourceTree = "<group>"; };
		84A05ACF28E5B4A70015BC2F /* unsplash_beta.app */ = {isa = PBXFileReference; explicitFileType = wrapper.application; includeInIndex = 0; path = unsplash_beta.app; sourceTree = BUILT_PRODUCTS_DIR; };
		84A05AD228E5B4A70015BC2F /* AppDelegate.swift */ = {isa = PBXFileReference; lastKnownFileType = sourcecode.swift; path = AppDelegate.swift; sourceTree = "<group>"; };
		84A05ADB28E5B4A80015BC2F /* Assets.xcassets */ = {isa = PBXFileReference; lastKnownFileType = folder.assetcatalog; path = Assets.xcassets; sourceTree = "<group>"; };
		84A05ADE28E5B4A80015BC2F /* Base */ = {isa = PBXFileReference; lastKnownFileType = file.storyboard; name = Base; path = Base.lproj/LaunchScreen.storyboard; sourceTree = "<group>"; };
		84A05AE028E5B4A80015BC2F /* Info.plist */ = {isa = PBXFileReference; lastKnownFileType = text.plist.xml; path = Info.plist; sourceTree = "<group>"; };
		84A05AEC28E5C2110015BC2F /* NetworkService.swift */ = {isa = PBXFileReference; lastKnownFileType = sourcecode.swift; name = NetworkService.swift; path = unsplash_beta/Service/NetworkService.swift; sourceTree = SOURCE_ROOT; };
		84A05AF128E5CE1F0015BC2F /* SearchRequest.swift */ = {isa = PBXFileReference; lastKnownFileType = sourcecode.swift; path = SearchRequest.swift; sourceTree = "<group>"; };
		84A05AF428E5CE400015BC2F /* Movie.swift */ = {isa = PBXFileReference; lastKnownFileType = sourcecode.swift; path = Movie.swift; sourceTree = "<group>"; };
		84A05AF628E5CF590015BC2F /* Configuration.swift */ = {isa = PBXFileReference; lastKnownFileType = sourcecode.swift; path = Configuration.swift; sourceTree = "<group>"; };
		9A6200E676B838FB5F06703B /* Pods-unsplash_beta.debug.xcconfig */ = {isa = PBXFileReference; includeInIndex = 1; lastKnownFileType = text.xcconfig; name = "Pods-unsplash_beta.debug.xcconfig"; path = "Target Support Files/Pods-unsplash_beta/Pods-unsplash_beta.debug.xcconfig"; sourceTree = "<group>"; };
		A4B75B60FAAB859C20A9D78D /* Pods_unsplash_beta.framework */ = {isa = PBXFileReference; explicitFileType = wrapper.framework; includeInIndex = 0; path = Pods_unsplash_beta.framework; sourceTree = BUILT_PRODUCTS_DIR; };
		B7A8ABDF28ED73CE00A664B7 /* SearchScreen.storyboard */ = {isa = PBXFileReference; lastKnownFileType = file.storyboard; path = SearchScreen.storyboard; sourceTree = "<group>"; };
		B7A8ABE328ED742B00A664B7 /* SearchViewController.swift */ = {isa = PBXFileReference; lastKnownFileType = sourcecode.swift; path = SearchViewController.swift; sourceTree = "<group>"; };
		B7A8ABEB28ED931200A664B7 /* SearchViewModel.swift */ = {isa = PBXFileReference; lastKnownFileType = sourcecode.swift; path = SearchViewModel.swift; sourceTree = "<group>"; };
		B7A8ABF128ED9CD000A664B7 /* ListItem.swift */ = {isa = PBXFileReference; lastKnownFileType = sourcecode.swift; path = ListItem.swift; sourceTree = "<group>"; };
		B7A8ABF228ED9CD000A664B7 /* ListItem.xib */ = {isa = PBXFileReference; lastKnownFileType = file.xib; path = ListItem.xib; sourceTree = "<group>"; };
		B7A8ABF728EDBAA600A664B7 /* DetailScreen.storyboard */ = {isa = PBXFileReference; lastKnownFileType = file.storyboard; path = DetailScreen.storyboard; sourceTree = "<group>"; };
		B7A8ABF928EDBABB00A664B7 /* DetailViewController.swift */ = {isa = PBXFileReference; lastKnownFileType = sourcecode.swift; path = DetailViewController.swift; sourceTree = "<group>"; };
		B7A8ABFD28EDC23400A664B7 /* DetailViewModel.swift */ = {isa = PBXFileReference; lastKnownFileType = sourcecode.swift; path = DetailViewModel.swift; sourceTree = "<group>"; };
		B7A8AC0128EDC6CF00A664B7 /* screens.swift */ = {isa = PBXFileReference; lastKnownFileType = sourcecode.swift; path = screens.swift; sourceTree = "<group>"; };
/* End PBXFileReference section */

/* Begin PBXFrameworksBuildPhase section */
		84A05ACC28E5B4A70015BC2F /* Frameworks */ = {
			isa = PBXFrameworksBuildPhase;
			buildActionMask = 2147483647;
			files = (
				28B1A64890A4FCC789B9DAC2 /* Pods_unsplash_beta.framework in Frameworks */,
			);
			runOnlyForDeploymentPostprocessing = 0;
		};
/* End PBXFrameworksBuildPhase section */

/* Begin PBXGroup section */
		42B890A5F0064ECBBE53C80C /* Pods */ = {
			isa = PBXGroup;
			children = (
				9A6200E676B838FB5F06703B /* Pods-unsplash_beta.debug.xcconfig */,
				2B39EBAFBF431F9DF0D5D283 /* Pods-unsplash_beta.release.xcconfig */,
			);
			path = Pods;
			sourceTree = "<group>";
		};
		84A05AC628E5B4A70015BC2F = {
			isa = PBXGroup;
			children = (
				84A05AD128E5B4A70015BC2F /* unsplash_beta */,
				84A05AD028E5B4A70015BC2F /* Products */,
				42B890A5F0064ECBBE53C80C /* Pods */,
				B5D0E4785AC934DA70F1F8C9 /* Frameworks */,
			);
			sourceTree = "<group>";
		};
		84A05AD028E5B4A70015BC2F /* Products */ = {
			isa = PBXGroup;
			children = (
				84A05ACF28E5B4A70015BC2F /* unsplash_beta.app */,
			);
			name = Products;
			sourceTree = "<group>";
		};
		84A05AD128E5B4A70015BC2F /* unsplash_beta */ = {
			isa = PBXGroup;
			children = (
				84A05AF328E5CE350015BC2F /* Models */,
				84A05AEB28E5C1DF0015BC2F /* Service */,
				84A05AE628E5B6A70015BC2F /* CustomViews */,
				B7A8ABDD28ED738300A664B7 /* ViewModels */,
				B7A8ABDB28ED734C00A664B7 /* screens */,
				84A05AD228E5B4A70015BC2F /* AppDelegate.swift */,
				84A05ADB28E5B4A80015BC2F /* Assets.xcassets */,
				84A05ADD28E5B4A80015BC2F /* LaunchScreen.storyboard */,
				84A05AE028E5B4A80015BC2F /* Info.plist */,
			);
			path = unsplash_beta;
			sourceTree = "<group>";
		};
		84A05AE628E5B6A70015BC2F /* CustomViews */ = {
			isa = PBXGroup;
			children = (
				B7A8ABF128ED9CD000A664B7 /* ListItem.swift */,
				B7A8ABF228ED9CD000A664B7 /* ListItem.xib */,
			);
			path = CustomViews;
			sourceTree = "<group>";
		};
		84A05AEB28E5C1DF0015BC2F /* Service */ = {
			isa = PBXGroup;
			children = (
				84A05AEE28E5CB030015BC2F /* Request */,
				84A05AEC28E5C2110015BC2F /* NetworkService.swift */,
				84A05AF628E5CF590015BC2F /* Configuration.swift */,
			);
			path = Service;
			sourceTree = "<group>";
		};
		84A05AEE28E5CB030015BC2F /* Request */ = {
			isa = PBXGroup;
			children = (
				84A05AF128E5CE1F0015BC2F /* SearchRequest.swift */,
			);
			path = Request;
			sourceTree = "<group>";
		};
		84A05AF328E5CE350015BC2F /* Models */ = {
			isa = PBXGroup;
			children = (
				B7A8ABFF28EDC6B700A664B7 /* enums */,
				84A05AF428E5CE400015BC2F /* Movie.swift */,
			);
			path = Models;
			sourceTree = "<group>";
		};
		B5D0E4785AC934DA70F1F8C9 /* Frameworks */ = {
			isa = PBXGroup;
			children = (
				A4B75B60FAAB859C20A9D78D /* Pods_unsplash_beta.framework */,
			);
			name = Frameworks;
			sourceTree = "<group>";
		};
		B7A8ABDB28ED734C00A664B7 /* screens */ = {
			isa = PBXGroup;
			children = (
				B7A8ABF628EDBA9500A664B7 /* Detail */,
				B7A8ABDE28ED73B700A664B7 /* Search */,
			);
			path = screens;
			sourceTree = "<group>";
		};
		B7A8ABDD28ED738300A664B7 /* ViewModels */ = {
			isa = PBXGroup;
			children = (
				B7A8ABFC28EDC21D00A664B7 /* Detail */,
				B7A8ABFB28EDC21300A664B7 /* Search */,
			);
			path = ViewModels;
			sourceTree = "<group>";
		};
		B7A8ABDE28ED73B700A664B7 /* Search */ = {
			isa = PBXGroup;
			children = (
				B7A8ABDF28ED73CE00A664B7 /* SearchScreen.storyboard */,
				B7A8ABE328ED742B00A664B7 /* SearchViewController.swift */,
			);
			path = Search;
			sourceTree = "<group>";
		};
		B7A8ABF628EDBA9500A664B7 /* Detail */ = {
			isa = PBXGroup;
			children = (
				B7A8ABF728EDBAA600A664B7 /* DetailScreen.storyboard */,
				B7A8ABF928EDBABB00A664B7 /* DetailViewController.swift */,
			);
			path = Detail;
			sourceTree = "<group>";
		};
		B7A8ABFB28EDC21300A664B7 /* Search */ = {
			isa = PBXGroup;
			children = (
				B7A8ABEB28ED931200A664B7 /* SearchViewModel.swift */,
			);
			path = Search;
			sourceTree = "<group>";
		};
		B7A8ABFC28EDC21D00A664B7 /* Detail */ = {
			isa = PBXGroup;
			children = (
				B7A8ABFD28EDC23400A664B7 /* DetailViewModel.swift */,
			);
			path = Detail;
			sourceTree = "<group>";
		};
		B7A8ABFF28EDC6B700A664B7 /* enums */ = {
			isa = PBXGroup;
			children = (
				B7A8AC0128EDC6CF00A664B7 /* screens.swift */,
			);
			path = enums;
			sourceTree = "<group>";
		};
/* End PBXGroup section */

/* Begin PBXNativeTarget section */
		84A05ACE28E5B4A70015BC2F /* unsplash_beta */ = {
			isa = PBXNativeTarget;
			buildConfigurationList = 84A05AE328E5B4A80015BC2F /* Build configuration list for PBXNativeTarget "unsplash_beta" */;
			buildPhases = (
				FE4AC1479706D25F0DF0FC7C /* [CP] Check Pods Manifest.lock */,
				84A05ACB28E5B4A70015BC2F /* Sources */,
				84A05ACC28E5B4A70015BC2F /* Frameworks */,
				84A05ACD28E5B4A70015BC2F /* Resources */,
				B63E34A24E4CECB4EEA70453 /* [CP] Embed Pods Frameworks */,
			);
			buildRules = (
			);
			dependencies = (
			);
			name = unsplash_beta;
			productName = unsplash_beta;
			productReference = 84A05ACF28E5B4A70015BC2F /* unsplash_beta.app */;
			productType = "com.apple.product-type.application";
		};
/* End PBXNativeTarget section */

/* Begin PBXProject section */
		84A05AC728E5B4A70015BC2F /* Project object */ = {
			isa = PBXProject;
			attributes = {
				BuildIndependentTargetsInParallel = 1;
				LastSwiftUpdateCheck = 1330;
				LastUpgradeCheck = 1330;
				TargetAttributes = {
					84A05ACE28E5B4A70015BC2F = {
						CreatedOnToolsVersion = 13.3;
					};
				};
			};
			buildConfigurationList = 84A05ACA28E5B4A70015BC2F /* Build configuration list for PBXProject "unsplash_beta" */;
			compatibilityVersion = "Xcode 13.0";
			developmentRegion = en;
			hasScannedForEncodings = 0;
			knownRegions = (
				en,
				Base,
			);
			mainGroup = 84A05AC628E5B4A70015BC2F;
			productRefGroup = 84A05AD028E5B4A70015BC2F /* Products */;
			projectDirPath = "";
			projectRoot = "";
			targets = (
				84A05ACE28E5B4A70015BC2F /* unsplash_beta */,
			);
		};
/* End PBXProject section */

/* Begin PBXResourcesBuildPhase section */
		84A05ACD28E5B4A70015BC2F /* Resources */ = {
			isa = PBXResourcesBuildPhase;
			buildActionMask = 2147483647;
			files = (
				B7A8ABF428ED9CD000A664B7 /* ListItem.xib in Resources */,
				84A05ADF28E5B4A80015BC2F /* LaunchScreen.storyboard in Resources */,
				B7A8ABF828EDBAA600A664B7 /* DetailScreen.storyboard in Resources */,
				84A05ADC28E5B4A80015BC2F /* Assets.xcassets in Resources */,
				B7A8ABE028ED73CE00A664B7 /* SearchScreen.storyboard in Resources */,
			);
			runOnlyForDeploymentPostprocessing = 0;
		};
/* End PBXResourcesBuildPhase section */

/* Begin PBXShellScriptBuildPhase section */
		B63E34A24E4CECB4EEA70453 /* [CP] Embed Pods Frameworks */ = {
			isa = PBXShellScriptBuildPhase;
			buildActionMask = 2147483647;
			files = (
			);
			inputFileListPaths = (
				"${PODS_ROOT}/Target Support Files/Pods-unsplash_beta/Pods-unsplash_beta-frameworks-${CONFIGURATION}-input-files.xcfilelist",
			);
			name = "[CP] Embed Pods Frameworks";
			outputFileListPaths = (
				"${PODS_ROOT}/Target Support Files/Pods-unsplash_beta/Pods-unsplash_beta-frameworks-${CONFIGURATION}-output-files.xcfilelist",
			);
			runOnlyForDeploymentPostprocessing = 0;
			shellPath = /bin/sh;
			shellScript = "\"${PODS_ROOT}/Target Support Files/Pods-unsplash_beta/Pods-unsplash_beta-frameworks.sh\"\n";
			showEnvVarsInLog = 0;
		};
		FE4AC1479706D25F0DF0FC7C /* [CP] Check Pods Manifest.lock */ = {
			isa = PBXShellScriptBuildPhase;
			buildActionMask = 2147483647;
			files = (
			);
			inputFileListPaths = (
			);
			inputPaths = (
				"${PODS_PODFILE_DIR_PATH}/Podfile.lock",
				"${PODS_ROOT}/Manifest.lock",
			);
			name = "[CP] Check Pods Manifest.lock";
			outputFileListPaths = (
			);
			outputPaths = (
				"$(DERIVED_FILE_DIR)/Pods-unsplash_beta-checkManifestLockResult.txt",
			);
			runOnlyForDeploymentPostprocessing = 0;
			shellPath = /bin/sh;
			shellScript = "diff \"${PODS_PODFILE_DIR_PATH}/Podfile.lock\" \"${PODS_ROOT}/Manifest.lock\" > /dev/null\nif [ $? != 0 ] ; then\n    # print error to STDERR\n    echo \"error: The sandbox is not in sync with the Podfile.lock. Run 'pod install' or update your CocoaPods installation.\" >&2\n    exit 1\nfi\n# This output is used by Xcode 'outputs' to avoid re-running this script phase.\necho \"SUCCESS\" > \"${SCRIPT_OUTPUT_FILE_0}\"\n";
			showEnvVarsInLog = 0;
		};
/* End PBXShellScriptBuildPhase section */

/* Begin PBXSourcesBuildPhase section */
		84A05ACB28E5B4A70015BC2F /* Sources */ = {
			isa = PBXSourcesBuildPhase;
			buildActionMask = 2147483647;
			files = (
				B7A8ABFA28EDBABB00A664B7 /* DetailViewController.swift in Sources */,
				B7A8AC0228EDC6CF00A664B7 /* screens.swift in Sources */,
				84A05AF528E5CE400015BC2F /* Movie.swift in Sources */,
				84A05AD328E5B4A70015BC2F /* AppDelegate.swift in Sources */,
				B7A8ABFE28EDC23400A664B7 /* DetailViewModel.swift in Sources */,
				84A05AF228E5CE1F0015BC2F /* SearchRequest.swift in Sources */,
				B7A8ABEC28ED931200A664B7 /* SearchViewModel.swift in Sources */,
				B7A8ABF328ED9CD000A664B7 /* ListItem.swift in Sources */,
				B7A8ABE428ED742B00A664B7 /* SearchViewController.swift in Sources */,
				84A05AED28E5C2110015BC2F /* NetworkService.swift in Sources */,
				84A05AF728E5CF590015BC2F /* Configuration.swift in Sources */,
			);
			runOnlyForDeploymentPostprocessing = 0;
		};
/* End PBXSourcesBuildPhase section */

/* Begin PBXVariantGroup section */
		84A05ADD28E5B4A80015BC2F /* LaunchScreen.storyboard */ = {
			isa = PBXVariantGroup;
			children = (
				84A05ADE28E5B4A80015BC2F /* Base */,
			);
			name = LaunchScreen.storyboard;
			sourceTree = "<group>";
		};
/* End PBXVariantGroup section */

/* Begin XCBuildConfiguration section */
		84A05AE128E5B4A80015BC2F /* Debug */ = {
			isa = XCBuildConfiguration;
			buildSettings = {
				ALWAYS_SEARCH_USER_PATHS = NO;
				CLANG_ANALYZER_NONNULL = YES;
				CLANG_ANALYZER_NUMBER_OBJECT_CONVERSION = YES_AGGRESSIVE;
				CLANG_CXX_LANGUAGE_STANDARD = "gnu++17";
				CLANG_ENABLE_MODULES = YES;
				CLANG_ENABLE_OBJC_ARC = YES;
				CLANG_ENABLE_OBJC_WEAK = YES;
				CLANG_WARN_BLOCK_CAPTURE_AUTORELEASING = YES;
				CLANG_WARN_BOOL_CONVERSION = YES;
				CLANG_WARN_COMMA = YES;
				CLANG_WARN_CONSTANT_CONVERSION = YES;
				CLANG_WARN_DEPRECATED_OBJC_IMPLEMENTATIONS = YES;
				CLANG_WARN_DIRECT_OBJC_ISA_USAGE = YES_ERROR;
				CLANG_WARN_DOCUMENTATION_COMMENTS = YES;
				CLANG_WARN_EMPTY_BODY = YES;
				CLANG_WARN_ENUM_CONVERSION = YES;
				CLANG_WARN_INFINITE_RECURSION = YES;
				CLANG_WARN_INT_CONVERSION = YES;
				CLANG_WARN_NON_LITERAL_NULL_CONVERSION = YES;
				CLANG_WARN_OBJC_IMPLICIT_RETAIN_SELF = YES;
				CLANG_WARN_OBJC_LITERAL_CONVERSION = YES;
				CLANG_WARN_OBJC_ROOT_CLASS = YES_ERROR;
				CLANG_WARN_QUOTED_INCLUDE_IN_FRAMEWORK_HEADER = YES;
				CLANG_WARN_RANGE_LOOP_ANALYSIS = YES;
				CLANG_WARN_STRICT_PROTOTYPES = YES;
				CLANG_WARN_SUSPICIOUS_MOVE = YES;
				CLANG_WARN_UNGUARDED_AVAILABILITY = YES_AGGRESSIVE;
				CLANG_WARN_UNREACHABLE_CODE = YES;
				CLANG_WARN__DUPLICATE_METHOD_MATCH = YES;
				COPY_PHASE_STRIP = NO;
				DEBUG_INFORMATION_FORMAT = dwarf;
				ENABLE_STRICT_OBJC_MSGSEND = YES;
				ENABLE_TESTABILITY = YES;
				GCC_C_LANGUAGE_STANDARD = gnu11;
				GCC_DYNAMIC_NO_PIC = NO;
				GCC_NO_COMMON_BLOCKS = YES;
				GCC_OPTIMIZATION_LEVEL = 0;
				GCC_PREPROCESSOR_DEFINITIONS = (
					"DEBUG=1",
					"$(inherited)",
				);
				GCC_WARN_64_TO_32_BIT_CONVERSION = YES;
				GCC_WARN_ABOUT_RETURN_TYPE = YES_ERROR;
				GCC_WARN_UNDECLARED_SELECTOR = YES;
				GCC_WARN_UNINITIALIZED_AUTOS = YES_AGGRESSIVE;
				GCC_WARN_UNUSED_FUNCTION = YES;
				GCC_WARN_UNUSED_VARIABLE = YES;
				IPHONEOS_DEPLOYMENT_TARGET = 15.4;
				MTL_ENABLE_DEBUG_INFO = INCLUDE_SOURCE;
				MTL_FAST_MATH = YES;
				ONLY_ACTIVE_ARCH = YES;
				SDKROOT = iphoneos;
				SWIFT_ACTIVE_COMPILATION_CONDITIONS = DEBUG;
				SWIFT_OPTIMIZATION_LEVEL = "-Onone";
			};
			name = Debug;
		};
		84A05AE228E5B4A80015BC2F /* Release */ = {
			isa = XCBuildConfiguration;
			buildSettings = {
				ALWAYS_SEARCH_USER_PATHS = NO;
				CLANG_ANALYZER_NONNULL = YES;
				CLANG_ANALYZER_NUMBER_OBJECT_CONVERSION = YES_AGGRESSIVE;
				CLANG_CXX_LANGUAGE_STANDARD = "gnu++17";
				CLANG_ENABLE_MODULES = YES;
				CLANG_ENABLE_OBJC_ARC = YES;
				CLANG_ENABLE_OBJC_WEAK = YES;
				CLANG_WARN_BLOCK_CAPTURE_AUTORELEASING = YES;
				CLANG_WARN_BOOL_CONVERSION = YES;
				CLANG_WARN_COMMA = YES;
				CLANG_WARN_CONSTANT_CONVERSION = YES;
				CLANG_WARN_DEPRECATED_OBJC_IMPLEMENTATIONS = YES;
				CLANG_WARN_DIRECT_OBJC_ISA_USAGE = YES_ERROR;
				CLANG_WARN_DOCUMENTATION_COMMENTS = YES;
				CLANG_WARN_EMPTY_BODY = YES;
				CLANG_WARN_ENUM_CONVERSION = YES;
				CLANG_WARN_INFINITE_RECURSION = YES;
				CLANG_WARN_INT_CONVERSION = YES;
				CLANG_WARN_NON_LITERAL_NULL_CONVERSION = YES;
				CLANG_WARN_OBJC_IMPLICIT_RETAIN_SELF = YES;
				CLANG_WARN_OBJC_LITERAL_CONVERSION = YES;
				CLANG_WARN_OBJC_ROOT_CLASS = YES_ERROR;
				CLANG_WARN_QUOTED_INCLUDE_IN_FRAMEWORK_HEADER = YES;
				CLANG_WARN_RANGE_LOOP_ANALYSIS = YES;
				CLANG_WARN_STRICT_PROTOTYPES = YES;
				CLANG_WARN_SUSPICIOUS_MOVE = YES;
				CLANG_WARN_UNGUARDED_AVAILABILITY = YES_AGGRESSIVE;
				CLANG_WARN_UNREACHABLE_CODE = YES;
				CLANG_WARN__DUPLICATE_METHOD_MATCH = YES;
				COPY_PHASE_STRIP = NO;
				DEBUG_INFORMATION_FORMAT = "dwarf-with-dsym";
				ENABLE_NS_ASSERTIONS = NO;
				ENABLE_STRICT_OBJC_MSGSEND = YES;
				GCC_C_LANGUAGE_STANDARD = gnu11;
				GCC_NO_COMMON_BLOCKS = YES;
				GCC_WARN_64_TO_32_BIT_CONVERSION = YES;
				GCC_WARN_ABOUT_RETURN_TYPE = YES_ERROR;
				GCC_WARN_UNDECLARED_SELECTOR = YES;
				GCC_WARN_UNINITIALIZED_AUTOS = YES_AGGRESSIVE;
				GCC_WARN_UNUSED_FUNCTION = YES;
				GCC_WARN_UNUSED_VARIABLE = YES;
				IPHONEOS_DEPLOYMENT_TARGET = 15.4;
				MTL_ENABLE_DEBUG_INFO = NO;
				MTL_FAST_MATH = YES;
				SDKROOT = iphoneos;
				SWIFT_COMPILATION_MODE = wholemodule;
				SWIFT_OPTIMIZATION_LEVEL = "-O";
				VALIDATE_PRODUCT = YES;
			};
			name = Release;
		};
		84A05AE428E5B4A80015BC2F /* Debug */ = {
			isa = XCBuildConfiguration;
			baseConfigurationReference = 9A6200E676B838FB5F06703B /* Pods-unsplash_beta.debug.xcconfig */;
			buildSettings = {
				ASSETCATALOG_COMPILER_APPICON_NAME = AppIcon;
				ASSETCATALOG_COMPILER_GLOBAL_ACCENT_COLOR_NAME = AccentColor;
				CODE_SIGN_STYLE = Automatic;
				CURRENT_PROJECT_VERSION = 1;
				DEVELOPMENT_TEAM = FAJTRUZ6J9;
				GENERATE_INFOPLIST_FILE = YES;
				INFOPLIST_FILE = unsplash_beta/Info.plist;
				INFOPLIST_KEY_UIApplicationSupportsIndirectInputEvents = YES;
				INFOPLIST_KEY_UILaunchStoryboardName = LaunchScreen.storyboard;
				INFOPLIST_KEY_UIMainStoryboardFile = SearchScreen;
				INFOPLIST_KEY_UISupportedInterfaceOrientations_iPad = "UIInterfaceOrientationPortrait UIInterfaceOrientationPortraitUpsideDown UIInterfaceOrientationLandscapeLeft UIInterfaceOrientationLandscapeRight";
				INFOPLIST_KEY_UISupportedInterfaceOrientations_iPhone = "UIInterfaceOrientationPortrait UIInterfaceOrientationLandscapeLeft UIInterfaceOrientationLandscapeRight";
				LD_RUNPATH_SEARCH_PATHS = (
					"$(inherited)",
					"@executable_path/Frameworks",
				);
				MARKETING_VERSION = 1.0;
				PRODUCT_BUNDLE_IDENTIFIER = "com.icapps.unsplash-beta";
				PRODUCT_NAME = "$(TARGET_NAME)";
				SWIFT_EMIT_LOC_STRINGS = YES;
				SWIFT_VERSION = 5.0;
				TARGETED_DEVICE_FAMILY = "1,2";
			};
			name = Debug;
		};
		84A05AE528E5B4A80015BC2F /* Release */ = {
			isa = XCBuildConfiguration;
			baseConfigurationReference = 2B39EBAFBF431F9DF0D5D283 /* Pods-unsplash_beta.release.xcconfig */;
			buildSettings = {
				ASSETCATALOG_COMPILER_APPICON_NAME = AppIcon;
				ASSETCATALOG_COMPILER_GLOBAL_ACCENT_COLOR_NAME = AccentColor;
				CODE_SIGN_STYLE = Automatic;
				CURRENT_PROJECT_VERSION = 1;
				DEVELOPMENT_TEAM = FAJTRUZ6J9;
				GENERATE_INFOPLIST_FILE = YES;
				INFOPLIST_FILE = unsplash_beta/Info.plist;
				INFOPLIST_KEY_UIApplicationSupportsIndirectInputEvents = YES;
				INFOPLIST_KEY_UILaunchStoryboardName = LaunchScreen.storyboard;
				INFOPLIST_KEY_UIMainStoryboardFile = SearchScreen;
				INFOPLIST_KEY_UISupportedInterfaceOrientations_iPad = "UIInterfaceOrientationPortrait UIInterfaceOrientationPortraitUpsideDown UIInterfaceOrientationLandscapeLeft UIInterfaceOrientationLandscapeRight";
				INFOPLIST_KEY_UISupportedInterfaceOrientations_iPhone = "UIInterfaceOrientationPortrait UIInterfaceOrientationLandscapeLeft UIInterfaceOrientationLandscapeRight";
				LD_RUNPATH_SEARCH_PATHS = (
					"$(inherited)",
					"@executable_path/Frameworks",
				);
				MARKETING_VERSION = 1.0;
				PRODUCT_BUNDLE_IDENTIFIER = "com.icapps.unsplash-beta";
				PRODUCT_NAME = "$(TARGET_NAME)";
				SWIFT_EMIT_LOC_STRINGS = YES;
				SWIFT_VERSION = 5.0;
				TARGETED_DEVICE_FAMILY = "1,2";
			};
			name = Release;
		};
/* End XCBuildConfiguration section */

/* Begin XCConfigurationList section */
		84A05ACA28E5B4A70015BC2F /* Build configuration list for PBXProject "unsplash_beta" */ = {
			isa = XCConfigurationList;
			buildConfigurations = (
				84A05AE128E5B4A80015BC2F /* Debug */,
				84A05AE228E5B4A80015BC2F /* Release */,
			);
			defaultConfigurationIsVisible = 0;
			defaultConfigurationName = Release;
		};
		84A05AE328E5B4A80015BC2F /* Build configuration list for PBXNativeTarget "unsplash_beta" */ = {
			isa = XCConfigurationList;
			buildConfigurations = (
				84A05AE428E5B4A80015BC2F /* Debug */,
				84A05AE528E5B4A80015BC2F /* Release */,
			);
			defaultConfigurationIsVisible = 0;
			defaultConfigurationName = Release;
		};
/* End XCConfigurationList section */
	};
	rootObject = 84A05AC728E5B4A70015BC2F /* Project object */;
}
